<?xml version="1.0" encoding="utf-8"?>
<Project ToolsVersion="4.0" xmlns="http://schemas.microsoft.com/developer/msbuild/2003">
  <ItemGroup>
    <Filter Include="Source Files">
      <UniqueIdentifier>{4FC737F1-C7A5-4376-A066-2A32D752A2FF}</UniqueIdentifier>
      <Extensions>cpp;c;cc;cxx;def;odl;idl;hpj;bat;asm;asmx</Extensions>
    </Filter>
    <Filter Include="Header Files">
      <UniqueIdentifier>{93995380-89BD-4b04-88EB-625FBE52EBFB}</UniqueIdentifier>
      <Extensions>h;hh;hpp;hxx;hm;inl;inc;ipp;xsd</Extensions>
    </Filter>
    <Filter Include="Resource Files">
      <UniqueIdentifier>{67DA6AB6-F800-4c08-8B7A-83BB121AAD01}</UniqueIdentifier>
      <Extensions>rc;ico;cur;bmp;dlg;rc2;rct;bin;rgs;gif;jpg;jpeg;jpe;resx;tiff;tif;png;wav;mfcribbon-ms</Extensions>
    </Filter>
    <Filter Include="Header Files\FSM">
      <UniqueIdentifier>{f74ae427-8b67-41bb-9d8f-df818fef31da}</UniqueIdentifier>
    </Filter>
    <Filter Include="Header Files\GameObjects">
      <UniqueIdentifier>{8473e254-d269-4c66-b042-82c82f0c8915}</UniqueIdentifier>
    </Filter>
    <Filter Include="Header Files\Animation">
      <UniqueIdentifier>{de6b2728-28b8-4364-931b-5d249eba91ba}</UniqueIdentifier>
    </Filter>
    <Filter Include="Header Files\Events">
      <UniqueIdentifier>{129b642f-d551-49e9-bb90-085d07f315b8}</UniqueIdentifier>
    </Filter>
    <Filter Include="Header Files\Utils">
      <UniqueIdentifier>{596ee95b-f1da-4178-b82a-f7b2821fe317}</UniqueIdentifier>
    </Filter>
    <Filter Include="Source Files\Animation">
      <UniqueIdentifier>{80ad58f7-27eb-405b-868f-3871687eba9a}</UniqueIdentifier>
    </Filter>
    <Filter Include="Source Files\Event">
      <UniqueIdentifier>{aa1359eb-eebd-445c-8b02-7ccfb40c9ef0}</UniqueIdentifier>
    </Filter>
    <Filter Include="Source Files\FSM">
      <UniqueIdentifier>{796a9f1a-7d59-4e98-9ffc-0565dcad4b88}</UniqueIdentifier>
    </Filter>
    <Filter Include="Source Files\GameObjects">
      <UniqueIdentifier>{552ffb1f-af65-4542-8abe-e4be496dccc8}</UniqueIdentifier>
    </Filter>
  </ItemGroup>
  <ItemGroup>
    <ClCompile Include="Source.cpp">
      <Filter>Source Files</Filter>
    </ClCompile>
    <ClCompile Include="Game.cpp">
      <Filter>Source Files</Filter>
    </ClCompile>
    <ClCompile Include="Events.cpp">
      <Filter>Source Files\Event</Filter>
    </ClCompile>
    <ClCompile Include="AccendLadderPlayerState.cpp">
      <Filter>Source Files\FSM</Filter>
    </ClCompile>
    <ClCompile Include="AttackPlayerState.cpp">
      <Filter>Source Files\FSM</Filter>
    </ClCompile>
    <ClCompile Include="ClimbDownPlayerState.cpp">
      <Filter>Source Files\FSM</Filter>
    </ClCompile>
    <ClCompile Include="ClimbPausePlayerState.cpp">
      <Filter>Source Files\FSM</Filter>
    </ClCompile>
    <ClCompile Include="ClimbUpPlayerState.cpp">
      <Filter>Source Files\FSM</Filter>
    </ClCompile>
    <ClCompile Include="DecendLadderPlayerState.cpp">
      <Filter>Source Files\FSM</Filter>
    </ClCompile>
    <ClCompile Include="DiedPlayerState.cpp">
      <Filter>Source Files\FSM</Filter>
    </ClCompile>
    <ClCompile Include="GlidePlayerState.cpp">
      <Filter>Source Files\FSM</Filter>
    </ClCompile>
    <ClCompile Include="IdlePlayerState.cpp">
      <Filter>Source Files\FSM</Filter>
    </ClCompile>
    <ClCompile Include="JumpAttackPlayerState.cpp">
      <Filter>Source Files\FSM</Filter>
    </ClCompile>
    <ClCompile Include="JumpPlayerState.cpp">
      <Filter>Source Files\FSM</Filter>
    </ClCompile>
    <ClCompile Include="JumpThrowAttackPlayerState.cpp">
      <Filter>Source Files\FSM</Filter>
    </ClCompile>
    <ClCompile Include="RevivedPlayerState.cpp">
      <Filter>Source Files\FSM</Filter>
    </ClCompile>
    <ClCompile Include="RunRightPlayerState.cpp">
      <Filter>Source Files\FSM</Filter>
    </ClCompile>
    <ClCompile Include="SlidePlayerState.cpp">
      <Filter>Source Files\FSM</Filter>
    </ClCompile>
    <ClCompile Include="ThrowAttackPlayerState.cpp">
      <Filter>Source Files\FSM</Filter>
    </ClCompile>
    <ClCompile Include="AnimatedSprite.cpp">
      <Filter>Source Files\Animation</Filter>
    </ClCompile>
    <ClCompile Include="Player.cpp">
      <Filter>Source Files\GameObjects</Filter>
    </ClCompile>
  </ItemGroup>
  <ItemGroup>
    <ClInclude Include="Game.h">
      <Filter>Header Files</Filter>
    </ClInclude>
    <ClInclude Include="RunRightPlayerState.h">
      <Filter>Header Files\FSM</Filter>
    </ClInclude>
    <ClInclude Include="ThrowAttackPlayerState.h">
      <Filter>Header Files\FSM</Filter>
    </ClInclude>
    <ClInclude Include="SlidePlayerState.h">
      <Filter>Header Files\FSM</Filter>
    </ClInclude>
    <ClInclude Include="RevivedPlayerState.h">
      <Filter>Header Files\FSM</Filter>
    </ClInclude>
    <ClInclude Include="JumpThrowAttackPlayerState.h">
      <Filter>Header Files\FSM</Filter>
    </ClInclude>
    <ClInclude Include="JumpPlayerState.h">
      <Filter>Header Files\FSM</Filter>
    </ClInclude>
    <ClInclude Include="JumpAttackPlayerState.h">
      <Filter>Header Files\FSM</Filter>
    </ClInclude>
    <ClInclude Include="IdlePlayerState.h">
      <Filter>Header Files\FSM</Filter>
    </ClInclude>
    <ClInclude Include="GlidePlayerState.h">
      <Filter>Header Files\FSM</Filter>
    </ClInclude>
    <ClInclude Include="DiedPlayerState.h">
      <Filter>Header Files\FSM</Filter>
    </ClInclude>
    <ClInclude Include="DecendLadderPlayerState.h">
      <Filter>Header Files\FSM</Filter>
    </ClInclude>
    <ClInclude Include="ClimbUpPlayerState.h">
      <Filter>Header Files\FSM</Filter>
    </ClInclude>
    <ClInclude Include="ClimbPausePlayerState.h">
      <Filter>Header Files\FSM</Filter>
    </ClInclude>
    <ClInclude Include="ClimbDownPlayerState.h">
      <Filter>Header Files\FSM</Filter>
    </ClInclude>
    <ClInclude Include="AccendLadderPlayerState.h">
      <Filter>Header Files\FSM</Filter>
    </ClInclude>
    <ClInclude Include="AttackPlayerState.h">
      <Filter>Header Files\FSM</Filter>
    </ClInclude>
    <ClInclude Include="PlayerState.h">
      <Filter>Header Files\FSM</Filter>
    </ClInclude>
    <ClInclude Include="Player.h">
      <Filter>Header Files\GameObjects</Filter>
    </ClInclude>
    <ClInclude Include="AnimatedSprite.h">
      <Filter>Header Files\Animation</Filter>
    </ClInclude>
    <ClInclude Include="Events.h">
      <Filter>Header Files\Events</Filter>
    </ClInclude>
    <ClInclude Include="Defines.h">
      <Filter>Header Files\Utils</Filter>
    </ClInclude>
  </ItemGroup>
</Project>